
Microsoft Visual Studio Solution File, Format Version 12.00
# Visual Studio Version 17
VisualStudioVersion = 17.7.34024.191
MinimumVisualStudioVersion = 10.0.40219.1
Project("{54A90642-561A-4BB1-A94E-469ADEE60C69}") = "client", "client\client.esproj", "{D86B2E5D-A4FC-4EF9-81E6-11933F6438E8}"
EndProject
Project("{9A19103F-16F7-4668-BE54-9A1E7A4F7556}") = "API", "api\API.csproj", "{388C30A9-01CF-4755-8068-CB1C4A17AD88}"
EndProject
Project("{9A19103F-16F7-4668-BE54-9A1E7A4F7556}") = "API_Recipes", "API_Recipes\API_Recipes.csproj", "{2BF63982-A018-48DE-BA74-4448632FD709}"
EndProject
Project("{2150E333-8FDC-42A3-9474-1A3956D46DE8}") = "Solution Items", "Solution Items", "{1EFB74E2-589E-4F31-8BAD-B69F424CD230}"
	ProjectSection(SolutionItems) = preProject
		Readme.md = Readme.md
	EndProjectSection
EndProject
Global
	GlobalSection(SolutionConfigurationPlatforms) = preSolution
		Debug|Any CPU = Debug|Any CPU
		Release|Any CPU = Release|Any CPU
	EndGlobalSection
	GlobalSection(ProjectConfigurationPlatforms) = postSolution
		{D86B2E5D-A4FC-4EF9-81E6-11933F6438E8}.Debug|Any CPU.ActiveCfg = Debug|Any CPU
		{D86B2E5D-A4FC-4EF9-81E6-11933F6438E8}.Debug|Any CPU.Build.0 = Debug|Any CPU
		{D86B2E5D-A4FC-4EF9-81E6-11933F6438E8}.Debug|Any CPU.Deploy.0 = Debug|Any CPU
		{D86B2E5D-A4FC-4EF9-81E6-11933F6438E8}.Release|Any CPU.ActiveCfg = Release|Any CPU
		{D86B2E5D-A4FC-4EF9-81E6-11933F6438E8}.Release|Any CPU.Build.0 = Release|Any CPU
		{D86B2E5D-A4FC-4EF9-81E6-11933F6438E8}.Release|Any CPU.Deploy.0 = Release|Any CPU
		{388C30A9-01CF-4755-8068-CB1C4A17AD88}.Debug|Any CPU.ActiveCfg = Debug|Any CPU
		{388C30A9-01CF-4755-8068-CB1C4A17AD88}.Debug|Any CPU.Build.0 = Debug|Any CPU
		{388C30A9-01CF-4755-8068-CB1C4A17AD88}.Release|Any CPU.ActiveCfg = Release|Any CPU
		{388C30A9-01CF-4755-8068-CB1C4A17AD88}.Release|Any CPU.Build.0 = Release|Any CPU
		{2BF63982-A018-48DE-BA74-4448632FD709}.Debug|Any CPU.ActiveCfg = Debug|Any CPU
		{2BF63982-A018-48DE-BA74-4448632FD709}.Debug|Any CPU.Build.0 = Debug|Any CPU
		{2BF63982-A018-48DE-BA74-4448632FD709}.Release|Any CPU.ActiveCfg = Release|Any CPU
		{2BF63982-A018-48DE-BA74-4448632FD709}.Release|Any CPU.Build.0 = Release|Any CPU
	EndGlobalSection
	GlobalSection(SolutionProperties) = preSolution
		HideSolutionNode = FALSE
	EndGlobalSection
	GlobalSection(ExtensibilityGlobals) = postSolution
		SolutionGuid = {4B208E41-AE37-414C-BD3A-2ADE9263A48F}
	EndGlobalSection
EndGlobal
